
Microsoft Visual Studio Solution File, Format Version 12.00
# Visual Studio 2013
VisualStudioVersion = 12.0.30501.0
MinimumVisualStudioVersion = 10.0.40219.1
Project("{FAE04EC0-301F-11D3-BF4B-00C04F79EFBC}") = "LvlEditor", "LvlEditor\LvlEditor.csproj", "{FFE108CC-CCD4-4CD2-917E-25A0144F3567}"
EndProject
Project("{FAE04EC0-301F-11D3-BF4B-00C04F79EFBC}") = "EditorViewPort", "EditorViewPort\EditorViewPort.csproj", "{CF75AB48-F490-4D7B-BC3C-BF0B2636F86B}"
EndProject
Global
	GlobalSection(SolutionConfigurationPlatforms) = preSolution
		Debug|Any CPU = Debug|Any CPU
		Release|Any CPU = Release|Any CPU
	EndGlobalSection
	GlobalSection(ProjectConfigurationPlatforms) = postSolution
		{FFE108CC-CCD4-4CD2-917E-25A0144F3567}.Debug|Any CPU.ActiveCfg = Debug|Any CPU
		{FFE108CC-CCD4-4CD2-917E-25A0144F3567}.Debug|Any CPU.Build.0 = Debug|Any CPU
		{FFE108CC-CCD4-4CD2-917E-25A0144F3567}.Release|Any CPU.ActiveCfg = Release|Any CPU
		{FFE108CC-CCD4-4CD2-917E-25A0144F3567}.Release|Any CPU.Build.0 = Release|Any CPU
		{CF75AB48-F490-4D7B-BC3C-BF0B2636F86B}.Debug|Any CPU.ActiveCfg = Debug|Any CPU
		{CF75AB48-F490-4D7B-BC3C-BF0B2636F86B}.Debug|Any CPU.Build.0 = Debug|Any CPU
		{CF75AB48-F490-4D7B-BC3C-BF0B2636F86B}.Release|Any CPU.ActiveCfg = Release|Any CPU
		{CF75AB48-F490-4D7B-BC3C-BF0B2636F86B}.Release|Any CPU.Build.0 = Release|Any CPU
	EndGlobalSection
	GlobalSection(SolutionProperties) = preSolution
		HideSolutionNode = FALSE
	EndGlobalSection
EndGlobal
