
Microsoft Visual Studio Solution File, Format Version 12.00
# Visual Studio 15
VisualStudioVersion = 15.0.28010.2019
MinimumVisualStudioVersion = 10.0.40219.1
Project("{FAE04EC0-301F-11D3-BF4B-00C04F79EFBC}") = "App", "App\App.csproj", "{0A21E03F-9D85-4188-B46D-D749B59D4280}"
EndProject
Project("{FAE04EC0-301F-11D3-BF4B-00C04F79EFBC}") = "GameUtils", "GameUtils\GameUtils.csproj", "{97C4F84D-DDE0-407C-BB00-726BE1803518}"
EndProject
Project("{FAE04EC0-301F-11D3-BF4B-00C04F79EFBC}") = "UIEssentials", "UIEssentials\UIEssentials.csproj", "{915244D3-C80B-4DF9-A2FA-E55C2B772C21}"
	ProjectSection(ProjectDependencies) = postProject
		{9AE70008-6784-4016-9C5E-C56E910AC7D0} = {9AE70008-6784-4016-9C5E-C56E910AC7D0}
		{BA209A0C-ECC0-4C85-AC72-2DE053623F95} = {BA209A0C-ECC0-4C85-AC72-2DE053623F95}
		{97C4F84D-DDE0-407C-BB00-726BE1803518} = {97C4F84D-DDE0-407C-BB00-726BE1803518}
		{6DAE67BE-8E9B-488F-B3BF-494CA44B1A2D} = {6DAE67BE-8E9B-488F-B3BF-494CA44B1A2D}
	EndProjectSection
EndProject
Project("{FAE04EC0-301F-11D3-BF4B-00C04F79EFBC}") = "ResourcesBasics", "ResourcesBasics\ResourcesBasics.csproj", "{BA209A0C-ECC0-4C85-AC72-2DE053623F95}"
EndProject
Project("{FAE04EC0-301F-11D3-BF4B-00C04F79EFBC}") = "MultimediaClasses", "MultimediaClasses\MultimediaClasses.csproj", "{6DAE67BE-8E9B-488F-B3BF-494CA44B1A2D}"
EndProject
Project("{FAE04EC0-301F-11D3-BF4B-00C04F79EFBC}") = "ResourceItems", "ResourceItems\ResourceItems.csproj", "{9AE70008-6784-4016-9C5E-C56E910AC7D0}"
	ProjectSection(ProjectDependencies) = postProject
		{BA209A0C-ECC0-4C85-AC72-2DE053623F95} = {BA209A0C-ECC0-4C85-AC72-2DE053623F95}
		{E586290F-49EF-451D-8A19-6B17167D23E4} = {E586290F-49EF-451D-8A19-6B17167D23E4}
		{97C4F84D-DDE0-407C-BB00-726BE1803518} = {97C4F84D-DDE0-407C-BB00-726BE1803518}
		{6DAE67BE-8E9B-488F-B3BF-494CA44B1A2D} = {6DAE67BE-8E9B-488F-B3BF-494CA44B1A2D}
		{F52D0BDA-E0C8-4D50-B060-4D5986FC9806} = {F52D0BDA-E0C8-4D50-B060-4D5986FC9806}
	EndProjectSection
EndProject
Project("{FAE04EC0-301F-11D3-BF4B-00C04F79EFBC}") = "LevelsStructure", "LevelsStructure\LevelsStructure.csproj", "{F52D0BDA-E0C8-4D50-B060-4D5986FC9806}"
	ProjectSection(ProjectDependencies) = postProject
		{97C4F84D-DDE0-407C-BB00-726BE1803518} = {97C4F84D-DDE0-407C-BB00-726BE1803518}
	EndProjectSection
EndProject
Project("{FAE04EC0-301F-11D3-BF4B-00C04F79EFBC}") = "GameMetadata", "GameMetadata\GameMetadata.csproj", "{E586290F-49EF-451D-8A19-6B17167D23E4}"
	ProjectSection(ProjectDependencies) = postProject
		{97C4F84D-DDE0-407C-BB00-726BE1803518} = {97C4F84D-DDE0-407C-BB00-726BE1803518}
	EndProjectSection
EndProject
Project("{FAE04EC0-301F-11D3-BF4B-00C04F79EFBC}") = "UIMainClasses", "UIMainClasses\UIMainClasses.csproj", "{59D2B1B4-5625-4A8F-A877-9022B1E0D5B2}"
	ProjectSection(ProjectDependencies) = postProject
		{97C4F84D-DDE0-407C-BB00-726BE1803518} = {97C4F84D-DDE0-407C-BB00-726BE1803518}
		{6DAE67BE-8E9B-488F-B3BF-494CA44B1A2D} = {6DAE67BE-8E9B-488F-B3BF-494CA44B1A2D}
		{915244D3-C80B-4DF9-A2FA-E55C2B772C21} = {915244D3-C80B-4DF9-A2FA-E55C2B772C21}
	EndProjectSection
EndProject
Project("{FAE04EC0-301F-11D3-BF4B-00C04F79EFBC}") = "GameMenus", "GameMenus\GameMenus.csproj", "{A4208F15-284B-4E42-9434-E97BC7EC184A}"
	ProjectSection(ProjectDependencies) = postProject
		{9AE70008-6784-4016-9C5E-C56E910AC7D0} = {9AE70008-6784-4016-9C5E-C56E910AC7D0}
		{BA209A0C-ECC0-4C85-AC72-2DE053623F95} = {BA209A0C-ECC0-4C85-AC72-2DE053623F95}
		{97C4F84D-DDE0-407C-BB00-726BE1803518} = {97C4F84D-DDE0-407C-BB00-726BE1803518}
		{59D2B1B4-5625-4A8F-A877-9022B1E0D5B2} = {59D2B1B4-5625-4A8F-A877-9022B1E0D5B2}
		{6DAE67BE-8E9B-488F-B3BF-494CA44B1A2D} = {6DAE67BE-8E9B-488F-B3BF-494CA44B1A2D}
		{915244D3-C80B-4DF9-A2FA-E55C2B772C21} = {915244D3-C80B-4DF9-A2FA-E55C2B772C21}
	EndProjectSection
EndProject
Project("{FAE04EC0-301F-11D3-BF4B-00C04F79EFBC}") = "GameEngine", "GameEngine\GameEngine.csproj", "{B8B6F867-870C-4CFD-A453-F76A66F7AC1F}"
EndProject
Project("{FAE04EC0-301F-11D3-BF4B-00C04F79EFBC}") = "LvlEditor", "LvlEditor\LvlEditor.csproj", "{FFE108CC-CCD4-4CD2-917E-25A0144F3567}"
EndProject
Global
	GlobalSection(SolutionConfigurationPlatforms) = preSolution
		a|Any CPU = a|Any CPU
		a|x64 = a|x64
		a|x86 = a|x86
		Debug|Any CPU = Debug|Any CPU
		Debug|x64 = Debug|x64
		Debug|x86 = Debug|x86
		Release|Any CPU = Release|Any CPU
		Release|x64 = Release|x64
		Release|x86 = Release|x86
	EndGlobalSection
	GlobalSection(ProjectConfigurationPlatforms) = postSolution
		{0A21E03F-9D85-4188-B46D-D749B59D4280}.a|Any CPU.ActiveCfg = a|Any CPU
		{0A21E03F-9D85-4188-B46D-D749B59D4280}.a|Any CPU.Build.0 = a|Any CPU
		{0A21E03F-9D85-4188-B46D-D749B59D4280}.a|x64.ActiveCfg = a|x64
		{0A21E03F-9D85-4188-B46D-D749B59D4280}.a|x64.Build.0 = a|x64
		{0A21E03F-9D85-4188-B46D-D749B59D4280}.a|x86.ActiveCfg = a|x86
		{0A21E03F-9D85-4188-B46D-D749B59D4280}.a|x86.Build.0 = a|x86
		{0A21E03F-9D85-4188-B46D-D749B59D4280}.Debug|Any CPU.ActiveCfg = Debug|Any CPU
		{0A21E03F-9D85-4188-B46D-D749B59D4280}.Debug|Any CPU.Build.0 = Debug|Any CPU
		{0A21E03F-9D85-4188-B46D-D749B59D4280}.Debug|x64.ActiveCfg = Debug|x64
		{0A21E03F-9D85-4188-B46D-D749B59D4280}.Debug|x64.Build.0 = Debug|x64
		{0A21E03F-9D85-4188-B46D-D749B59D4280}.Debug|x86.ActiveCfg = Debug|x86
		{0A21E03F-9D85-4188-B46D-D749B59D4280}.Debug|x86.Build.0 = Debug|x86
		{0A21E03F-9D85-4188-B46D-D749B59D4280}.Release|Any CPU.ActiveCfg = Release|Any CPU
		{0A21E03F-9D85-4188-B46D-D749B59D4280}.Release|Any CPU.Build.0 = Release|Any CPU
		{0A21E03F-9D85-4188-B46D-D749B59D4280}.Release|Any CPU.Deploy.0 = Release|Any CPU
		{0A21E03F-9D85-4188-B46D-D749B59D4280}.Release|x64.ActiveCfg = Release|x64
		{0A21E03F-9D85-4188-B46D-D749B59D4280}.Release|x64.Build.0 = Release|x64
		{0A21E03F-9D85-4188-B46D-D749B59D4280}.Release|x86.ActiveCfg = Release|x86
		{0A21E03F-9D85-4188-B46D-D749B59D4280}.Release|x86.Build.0 = Release|x86
		{97C4F84D-DDE0-407C-BB00-726BE1803518}.a|Any CPU.ActiveCfg = a|Any CPU
		{97C4F84D-DDE0-407C-BB00-726BE1803518}.a|Any CPU.Build.0 = a|Any CPU
		{97C4F84D-DDE0-407C-BB00-726BE1803518}.a|x64.ActiveCfg = a|x64
		{97C4F84D-DDE0-407C-BB00-726BE1803518}.a|x64.Build.0 = a|x64
		{97C4F84D-DDE0-407C-BB00-726BE1803518}.a|x86.ActiveCfg = a|x86
		{97C4F84D-DDE0-407C-BB00-726BE1803518}.a|x86.Build.0 = a|x86
		{97C4F84D-DDE0-407C-BB00-726BE1803518}.Debug|Any CPU.ActiveCfg = Debug|Any CPU
		{97C4F84D-DDE0-407C-BB00-726BE1803518}.Debug|Any CPU.Build.0 = Debug|Any CPU
		{97C4F84D-DDE0-407C-BB00-726BE1803518}.Debug|x64.ActiveCfg = Debug|x64
		{97C4F84D-DDE0-407C-BB00-726BE1803518}.Debug|x64.Build.0 = Debug|x64
		{97C4F84D-DDE0-407C-BB00-726BE1803518}.Debug|x86.ActiveCfg = Debug|x86
		{97C4F84D-DDE0-407C-BB00-726BE1803518}.Debug|x86.Build.0 = Debug|x86
		{97C4F84D-DDE0-407C-BB00-726BE1803518}.Release|Any CPU.ActiveCfg = Release|Any CPU
		{97C4F84D-DDE0-407C-BB00-726BE1803518}.Release|Any CPU.Build.0 = Release|Any CPU
		{97C4F84D-DDE0-407C-BB00-726BE1803518}.Release|x64.ActiveCfg = Release|x64
		{97C4F84D-DDE0-407C-BB00-726BE1803518}.Release|x64.Build.0 = Release|x64
		{97C4F84D-DDE0-407C-BB00-726BE1803518}.Release|x86.ActiveCfg = Release|x86
		{97C4F84D-DDE0-407C-BB00-726BE1803518}.Release|x86.Build.0 = Release|x86
		{915244D3-C80B-4DF9-A2FA-E55C2B772C21}.a|Any CPU.ActiveCfg = a|Any CPU
		{915244D3-C80B-4DF9-A2FA-E55C2B772C21}.a|Any CPU.Build.0 = a|Any CPU
		{915244D3-C80B-4DF9-A2FA-E55C2B772C21}.a|x64.ActiveCfg = a|x64
		{915244D3-C80B-4DF9-A2FA-E55C2B772C21}.a|x64.Build.0 = a|x64
		{915244D3-C80B-4DF9-A2FA-E55C2B772C21}.a|x86.ActiveCfg = a|x86
		{915244D3-C80B-4DF9-A2FA-E55C2B772C21}.a|x86.Build.0 = a|x86
		{915244D3-C80B-4DF9-A2FA-E55C2B772C21}.Debug|Any CPU.ActiveCfg = Debug|Any CPU
		{915244D3-C80B-4DF9-A2FA-E55C2B772C21}.Debug|Any CPU.Build.0 = Debug|Any CPU
		{915244D3-C80B-4DF9-A2FA-E55C2B772C21}.Debug|x64.ActiveCfg = Debug|x64
		{915244D3-C80B-4DF9-A2FA-E55C2B772C21}.Debug|x64.Build.0 = Debug|x64
		{915244D3-C80B-4DF9-A2FA-E55C2B772C21}.Debug|x86.ActiveCfg = Debug|x86
		{915244D3-C80B-4DF9-A2FA-E55C2B772C21}.Debug|x86.Build.0 = Debug|x86
		{915244D3-C80B-4DF9-A2FA-E55C2B772C21}.Release|Any CPU.ActiveCfg = Release|Any CPU
		{915244D3-C80B-4DF9-A2FA-E55C2B772C21}.Release|Any CPU.Build.0 = Release|Any CPU
		{915244D3-C80B-4DF9-A2FA-E55C2B772C21}.Release|Any CPU.Deploy.0 = Release|Any CPU
		{915244D3-C80B-4DF9-A2FA-E55C2B772C21}.Release|x64.ActiveCfg = Release|x64
		{915244D3-C80B-4DF9-A2FA-E55C2B772C21}.Release|x64.Build.0 = Release|x64
		{915244D3-C80B-4DF9-A2FA-E55C2B772C21}.Release|x86.ActiveCfg = Release|x86
		{915244D3-C80B-4DF9-A2FA-E55C2B772C21}.Release|x86.Build.0 = Release|x86
		{BA209A0C-ECC0-4C85-AC72-2DE053623F95}.a|Any CPU.ActiveCfg = Release|Any CPU
		{BA209A0C-ECC0-4C85-AC72-2DE053623F95}.a|Any CPU.Build.0 = Release|Any CPU
		{BA209A0C-ECC0-4C85-AC72-2DE053623F95}.a|x64.ActiveCfg = Release|Any CPU
		{BA209A0C-ECC0-4C85-AC72-2DE053623F95}.a|x64.Build.0 = Release|Any CPU
		{BA209A0C-ECC0-4C85-AC72-2DE053623F95}.a|x86.ActiveCfg = Release|Any CPU
		{BA209A0C-ECC0-4C85-AC72-2DE053623F95}.a|x86.Build.0 = Release|Any CPU
		{BA209A0C-ECC0-4C85-AC72-2DE053623F95}.Debug|Any CPU.ActiveCfg = Debug|Any CPU
		{BA209A0C-ECC0-4C85-AC72-2DE053623F95}.Debug|Any CPU.Build.0 = Debug|Any CPU
		{BA209A0C-ECC0-4C85-AC72-2DE053623F95}.Debug|x64.ActiveCfg = Debug|Any CPU
		{BA209A0C-ECC0-4C85-AC72-2DE053623F95}.Debug|x64.Build.0 = Debug|Any CPU
		{BA209A0C-ECC0-4C85-AC72-2DE053623F95}.Debug|x86.ActiveCfg = Debug|Any CPU
		{BA209A0C-ECC0-4C85-AC72-2DE053623F95}.Debug|x86.Build.0 = Debug|Any CPU
		{BA209A0C-ECC0-4C85-AC72-2DE053623F95}.Release|Any CPU.ActiveCfg = Release|Any CPU
		{BA209A0C-ECC0-4C85-AC72-2DE053623F95}.Release|Any CPU.Build.0 = Release|Any CPU
		{BA209A0C-ECC0-4C85-AC72-2DE053623F95}.Release|x64.ActiveCfg = Release|Any CPU
		{BA209A0C-ECC0-4C85-AC72-2DE053623F95}.Release|x64.Build.0 = Release|Any CPU
		{BA209A0C-ECC0-4C85-AC72-2DE053623F95}.Release|x86.ActiveCfg = Release|Any CPU
		{BA209A0C-ECC0-4C85-AC72-2DE053623F95}.Release|x86.Build.0 = Release|Any CPU
		{6DAE67BE-8E9B-488F-B3BF-494CA44B1A2D}.a|Any CPU.ActiveCfg = Release|Any CPU
		{6DAE67BE-8E9B-488F-B3BF-494CA44B1A2D}.a|Any CPU.Build.0 = Release|Any CPU
		{6DAE67BE-8E9B-488F-B3BF-494CA44B1A2D}.a|x64.ActiveCfg = Release|x64
		{6DAE67BE-8E9B-488F-B3BF-494CA44B1A2D}.a|x64.Build.0 = Release|x64
		{6DAE67BE-8E9B-488F-B3BF-494CA44B1A2D}.a|x86.ActiveCfg = Release|x86
		{6DAE67BE-8E9B-488F-B3BF-494CA44B1A2D}.a|x86.Build.0 = Release|x86
		{6DAE67BE-8E9B-488F-B3BF-494CA44B1A2D}.Debug|Any CPU.ActiveCfg = Debug|Any CPU
		{6DAE67BE-8E9B-488F-B3BF-494CA44B1A2D}.Debug|Any CPU.Build.0 = Debug|Any CPU
		{6DAE67BE-8E9B-488F-B3BF-494CA44B1A2D}.Debug|x64.ActiveCfg = Debug|x64
		{6DAE67BE-8E9B-488F-B3BF-494CA44B1A2D}.Debug|x64.Build.0 = Debug|x64
		{6DAE67BE-8E9B-488F-B3BF-494CA44B1A2D}.Debug|x86.ActiveCfg = Debug|x86
		{6DAE67BE-8E9B-488F-B3BF-494CA44B1A2D}.Debug|x86.Build.0 = Debug|x86
		{6DAE67BE-8E9B-488F-B3BF-494CA44B1A2D}.Release|Any CPU.ActiveCfg = Release|Any CPU
		{6DAE67BE-8E9B-488F-B3BF-494CA44B1A2D}.Release|Any CPU.Build.0 = Release|Any CPU
		{6DAE67BE-8E9B-488F-B3BF-494CA44B1A2D}.Release|x64.ActiveCfg = Release|x64
		{6DAE67BE-8E9B-488F-B3BF-494CA44B1A2D}.Release|x64.Build.0 = Release|x64
		{6DAE67BE-8E9B-488F-B3BF-494CA44B1A2D}.Release|x86.ActiveCfg = Release|x86
		{6DAE67BE-8E9B-488F-B3BF-494CA44B1A2D}.Release|x86.Build.0 = Release|x86
		{9AE70008-6784-4016-9C5E-C56E910AC7D0}.a|Any CPU.ActiveCfg = Release|Any CPU
		{9AE70008-6784-4016-9C5E-C56E910AC7D0}.a|Any CPU.Build.0 = Release|Any CPU
		{9AE70008-6784-4016-9C5E-C56E910AC7D0}.a|x64.ActiveCfg = Release|x64
		{9AE70008-6784-4016-9C5E-C56E910AC7D0}.a|x64.Build.0 = Release|x64
		{9AE70008-6784-4016-9C5E-C56E910AC7D0}.a|x86.ActiveCfg = Release|x86
		{9AE70008-6784-4016-9C5E-C56E910AC7D0}.a|x86.Build.0 = Release|x86
		{9AE70008-6784-4016-9C5E-C56E910AC7D0}.Debug|Any CPU.ActiveCfg = Debug|Any CPU
		{9AE70008-6784-4016-9C5E-C56E910AC7D0}.Debug|Any CPU.Build.0 = Debug|Any CPU
		{9AE70008-6784-4016-9C5E-C56E910AC7D0}.Debug|x64.ActiveCfg = Debug|x64
		{9AE70008-6784-4016-9C5E-C56E910AC7D0}.Debug|x64.Build.0 = Debug|x64
		{9AE70008-6784-4016-9C5E-C56E910AC7D0}.Debug|x86.ActiveCfg = Debug|x86
		{9AE70008-6784-4016-9C5E-C56E910AC7D0}.Debug|x86.Build.0 = Debug|x86
		{9AE70008-6784-4016-9C5E-C56E910AC7D0}.Release|Any CPU.ActiveCfg = Release|Any CPU
		{9AE70008-6784-4016-9C5E-C56E910AC7D0}.Release|Any CPU.Build.0 = Release|Any CPU
		{9AE70008-6784-4016-9C5E-C56E910AC7D0}.Release|x64.ActiveCfg = Release|x64
		{9AE70008-6784-4016-9C5E-C56E910AC7D0}.Release|x64.Build.0 = Release|x64
		{9AE70008-6784-4016-9C5E-C56E910AC7D0}.Release|x86.ActiveCfg = Release|x86
		{9AE70008-6784-4016-9C5E-C56E910AC7D0}.Release|x86.Build.0 = Release|x86
		{F52D0BDA-E0C8-4D50-B060-4D5986FC9806}.a|Any CPU.ActiveCfg = Release|Any CPU
		{F52D0BDA-E0C8-4D50-B060-4D5986FC9806}.a|Any CPU.Build.0 = Release|Any CPU
		{F52D0BDA-E0C8-4D50-B060-4D5986FC9806}.a|x64.ActiveCfg = Release|x64
		{F52D0BDA-E0C8-4D50-B060-4D5986FC9806}.a|x64.Build.0 = Release|x64
		{F52D0BDA-E0C8-4D50-B060-4D5986FC9806}.a|x86.ActiveCfg = Release|x86
		{F52D0BDA-E0C8-4D50-B060-4D5986FC9806}.a|x86.Build.0 = Release|x86
		{F52D0BDA-E0C8-4D50-B060-4D5986FC9806}.Debug|Any CPU.ActiveCfg = Debug|Any CPU
		{F52D0BDA-E0C8-4D50-B060-4D5986FC9806}.Debug|Any CPU.Build.0 = Debug|Any CPU
		{F52D0BDA-E0C8-4D50-B060-4D5986FC9806}.Debug|x64.ActiveCfg = Debug|x64
		{F52D0BDA-E0C8-4D50-B060-4D5986FC9806}.Debug|x64.Build.0 = Debug|x64
		{F52D0BDA-E0C8-4D50-B060-4D5986FC9806}.Debug|x86.ActiveCfg = Debug|x86
		{F52D0BDA-E0C8-4D50-B060-4D5986FC9806}.Debug|x86.Build.0 = Debug|x86
		{F52D0BDA-E0C8-4D50-B060-4D5986FC9806}.Release|Any CPU.ActiveCfg = Release|Any CPU
		{F52D0BDA-E0C8-4D50-B060-4D5986FC9806}.Release|Any CPU.Build.0 = Release|Any CPU
		{F52D0BDA-E0C8-4D50-B060-4D5986FC9806}.Release|x64.ActiveCfg = Release|x64
		{F52D0BDA-E0C8-4D50-B060-4D5986FC9806}.Release|x64.Build.0 = Release|x64
		{F52D0BDA-E0C8-4D50-B060-4D5986FC9806}.Release|x86.ActiveCfg = Release|x86
		{F52D0BDA-E0C8-4D50-B060-4D5986FC9806}.Release|x86.Build.0 = Release|x86
		{E586290F-49EF-451D-8A19-6B17167D23E4}.a|Any CPU.ActiveCfg = Release|Any CPU
		{E586290F-49EF-451D-8A19-6B17167D23E4}.a|Any CPU.Build.0 = Release|Any CPU
		{E586290F-49EF-451D-8A19-6B17167D23E4}.a|x64.ActiveCfg = Release|x64
		{E586290F-49EF-451D-8A19-6B17167D23E4}.a|x64.Build.0 = Release|x64
		{E586290F-49EF-451D-8A19-6B17167D23E4}.a|x86.ActiveCfg = Release|x86
		{E586290F-49EF-451D-8A19-6B17167D23E4}.a|x86.Build.0 = Release|x86
		{E586290F-49EF-451D-8A19-6B17167D23E4}.Debug|Any CPU.ActiveCfg = Debug|Any CPU
		{E586290F-49EF-451D-8A19-6B17167D23E4}.Debug|Any CPU.Build.0 = Debug|Any CPU
		{E586290F-49EF-451D-8A19-6B17167D23E4}.Debug|x64.ActiveCfg = Debug|x64
		{E586290F-49EF-451D-8A19-6B17167D23E4}.Debug|x64.Build.0 = Debug|x64
		{E586290F-49EF-451D-8A19-6B17167D23E4}.Debug|x86.ActiveCfg = Debug|x86
		{E586290F-49EF-451D-8A19-6B17167D23E4}.Debug|x86.Build.0 = Debug|x86
		{E586290F-49EF-451D-8A19-6B17167D23E4}.Release|Any CPU.ActiveCfg = Release|Any CPU
		{E586290F-49EF-451D-8A19-6B17167D23E4}.Release|Any CPU.Build.0 = Release|Any CPU
		{E586290F-49EF-451D-8A19-6B17167D23E4}.Release|x64.ActiveCfg = Release|x64
		{E586290F-49EF-451D-8A19-6B17167D23E4}.Release|x64.Build.0 = Release|x64
		{E586290F-49EF-451D-8A19-6B17167D23E4}.Release|x86.ActiveCfg = Release|x86
		{E586290F-49EF-451D-8A19-6B17167D23E4}.Release|x86.Build.0 = Release|x86
		{59D2B1B4-5625-4A8F-A877-9022B1E0D5B2}.a|Any CPU.ActiveCfg = Release|Any CPU
		{59D2B1B4-5625-4A8F-A877-9022B1E0D5B2}.a|Any CPU.Build.0 = Release|Any CPU
		{59D2B1B4-5625-4A8F-A877-9022B1E0D5B2}.a|x64.ActiveCfg = Release|x64
		{59D2B1B4-5625-4A8F-A877-9022B1E0D5B2}.a|x64.Build.0 = Release|x64
		{59D2B1B4-5625-4A8F-A877-9022B1E0D5B2}.a|x86.ActiveCfg = Release|x86
		{59D2B1B4-5625-4A8F-A877-9022B1E0D5B2}.a|x86.Build.0 = Release|x86
		{59D2B1B4-5625-4A8F-A877-9022B1E0D5B2}.Debug|Any CPU.ActiveCfg = Debug|Any CPU
		{59D2B1B4-5625-4A8F-A877-9022B1E0D5B2}.Debug|Any CPU.Build.0 = Debug|Any CPU
		{59D2B1B4-5625-4A8F-A877-9022B1E0D5B2}.Debug|x64.ActiveCfg = Debug|x64
		{59D2B1B4-5625-4A8F-A877-9022B1E0D5B2}.Debug|x64.Build.0 = Debug|x64
		{59D2B1B4-5625-4A8F-A877-9022B1E0D5B2}.Debug|x86.ActiveCfg = Debug|x86
		{59D2B1B4-5625-4A8F-A877-9022B1E0D5B2}.Debug|x86.Build.0 = Debug|x86
		{59D2B1B4-5625-4A8F-A877-9022B1E0D5B2}.Release|Any CPU.ActiveCfg = Release|Any CPU
		{59D2B1B4-5625-4A8F-A877-9022B1E0D5B2}.Release|Any CPU.Build.0 = Release|Any CPU
		{59D2B1B4-5625-4A8F-A877-9022B1E0D5B2}.Release|x64.ActiveCfg = Release|x64
		{59D2B1B4-5625-4A8F-A877-9022B1E0D5B2}.Release|x64.Build.0 = Release|x64
		{59D2B1B4-5625-4A8F-A877-9022B1E0D5B2}.Release|x86.ActiveCfg = Release|x86
		{59D2B1B4-5625-4A8F-A877-9022B1E0D5B2}.Release|x86.Build.0 = Release|x86
		{A4208F15-284B-4E42-9434-E97BC7EC184A}.a|Any CPU.ActiveCfg = Release|Any CPU
		{A4208F15-284B-4E42-9434-E97BC7EC184A}.a|Any CPU.Build.0 = Release|Any CPU
		{A4208F15-284B-4E42-9434-E97BC7EC184A}.a|x64.ActiveCfg = Release|x64
		{A4208F15-284B-4E42-9434-E97BC7EC184A}.a|x64.Build.0 = Release|x64
		{A4208F15-284B-4E42-9434-E97BC7EC184A}.a|x86.ActiveCfg = Release|x86
		{A4208F15-284B-4E42-9434-E97BC7EC184A}.a|x86.Build.0 = Release|x86
		{A4208F15-284B-4E42-9434-E97BC7EC184A}.Debug|Any CPU.ActiveCfg = Debug|Any CPU
		{A4208F15-284B-4E42-9434-E97BC7EC184A}.Debug|Any CPU.Build.0 = Debug|Any CPU
		{A4208F15-284B-4E42-9434-E97BC7EC184A}.Debug|x64.ActiveCfg = Debug|x64
		{A4208F15-284B-4E42-9434-E97BC7EC184A}.Debug|x64.Build.0 = Debug|x64
		{A4208F15-284B-4E42-9434-E97BC7EC184A}.Debug|x86.ActiveCfg = Debug|x86
		{A4208F15-284B-4E42-9434-E97BC7EC184A}.Debug|x86.Build.0 = Debug|x86
		{A4208F15-284B-4E42-9434-E97BC7EC184A}.Release|Any CPU.ActiveCfg = Release|Any CPU
		{A4208F15-284B-4E42-9434-E97BC7EC184A}.Release|Any CPU.Build.0 = Release|Any CPU
		{A4208F15-284B-4E42-9434-E97BC7EC184A}.Release|x64.ActiveCfg = Release|x64
		{A4208F15-284B-4E42-9434-E97BC7EC184A}.Release|x64.Build.0 = Release|x64
		{A4208F15-284B-4E42-9434-E97BC7EC184A}.Release|x86.ActiveCfg = Release|x86
		{A4208F15-284B-4E42-9434-E97BC7EC184A}.Release|x86.Build.0 = Release|x86
		{B8B6F867-870C-4CFD-A453-F76A66F7AC1F}.a|Any CPU.ActiveCfg = Release|Any CPU
		{B8B6F867-870C-4CFD-A453-F76A66F7AC1F}.a|Any CPU.Build.0 = Release|Any CPU
		{B8B6F867-870C-4CFD-A453-F76A66F7AC1F}.a|x64.ActiveCfg = Release|x64
		{B8B6F867-870C-4CFD-A453-F76A66F7AC1F}.a|x64.Build.0 = Release|x64
		{B8B6F867-870C-4CFD-A453-F76A66F7AC1F}.a|x86.ActiveCfg = Release|x86
		{B8B6F867-870C-4CFD-A453-F76A66F7AC1F}.a|x86.Build.0 = Release|x86
		{B8B6F867-870C-4CFD-A453-F76A66F7AC1F}.Debug|Any CPU.ActiveCfg = Debug|Any CPU
		{B8B6F867-870C-4CFD-A453-F76A66F7AC1F}.Debug|Any CPU.Build.0 = Debug|Any CPU
		{B8B6F867-870C-4CFD-A453-F76A66F7AC1F}.Debug|x64.ActiveCfg = Debug|x64
		{B8B6F867-870C-4CFD-A453-F76A66F7AC1F}.Debug|x64.Build.0 = Debug|x64
		{B8B6F867-870C-4CFD-A453-F76A66F7AC1F}.Debug|x86.ActiveCfg = Debug|x86
		{B8B6F867-870C-4CFD-A453-F76A66F7AC1F}.Debug|x86.Build.0 = Debug|x86
		{B8B6F867-870C-4CFD-A453-F76A66F7AC1F}.Release|Any CPU.ActiveCfg = Release|Any CPU
		{B8B6F867-870C-4CFD-A453-F76A66F7AC1F}.Release|Any CPU.Build.0 = Release|Any CPU
		{B8B6F867-870C-4CFD-A453-F76A66F7AC1F}.Release|x64.ActiveCfg = Release|x64
		{B8B6F867-870C-4CFD-A453-F76A66F7AC1F}.Release|x64.Build.0 = Release|x64
		{B8B6F867-870C-4CFD-A453-F76A66F7AC1F}.Release|x86.ActiveCfg = Release|x86
		{B8B6F867-870C-4CFD-A453-F76A66F7AC1F}.Release|x86.Build.0 = Release|x86
		{FFE108CC-CCD4-4CD2-917E-25A0144F3567}.a|Any CPU.ActiveCfg = Release|Any CPU
		{FFE108CC-CCD4-4CD2-917E-25A0144F3567}.a|Any CPU.Build.0 = Release|Any CPU
		{FFE108CC-CCD4-4CD2-917E-25A0144F3567}.a|x64.ActiveCfg = Release|Any CPU
		{FFE108CC-CCD4-4CD2-917E-25A0144F3567}.a|x64.Build.0 = Release|Any CPU
		{FFE108CC-CCD4-4CD2-917E-25A0144F3567}.a|x86.ActiveCfg = Release|Any CPU
		{FFE108CC-CCD4-4CD2-917E-25A0144F3567}.a|x86.Build.0 = Release|Any CPU
		{FFE108CC-CCD4-4CD2-917E-25A0144F3567}.Debug|Any CPU.ActiveCfg = Debug|Any CPU
		{FFE108CC-CCD4-4CD2-917E-25A0144F3567}.Debug|Any CPU.Build.0 = Debug|Any CPU
		{FFE108CC-CCD4-4CD2-917E-25A0144F3567}.Debug|x64.ActiveCfg = Debug|Any CPU
		{FFE108CC-CCD4-4CD2-917E-25A0144F3567}.Debug|x64.Build.0 = Debug|Any CPU
		{FFE108CC-CCD4-4CD2-917E-25A0144F3567}.Debug|x86.ActiveCfg = Debug|Any CPU
		{FFE108CC-CCD4-4CD2-917E-25A0144F3567}.Debug|x86.Build.0 = Debug|Any CPU
		{FFE108CC-CCD4-4CD2-917E-25A0144F3567}.Release|Any CPU.ActiveCfg = Release|Any CPU
		{FFE108CC-CCD4-4CD2-917E-25A0144F3567}.Release|Any CPU.Build.0 = Release|Any CPU
		{FFE108CC-CCD4-4CD2-917E-25A0144F3567}.Release|x64.ActiveCfg = Release|Any CPU
		{FFE108CC-CCD4-4CD2-917E-25A0144F3567}.Release|x64.Build.0 = Release|Any CPU
		{FFE108CC-CCD4-4CD2-917E-25A0144F3567}.Release|x86.ActiveCfg = Release|Any CPU
		{FFE108CC-CCD4-4CD2-917E-25A0144F3567}.Release|x86.Build.0 = Release|Any CPU
	EndGlobalSection
	GlobalSection(SolutionProperties) = preSolution
		HideSolutionNode = FALSE
	EndGlobalSection
	GlobalSection(ExtensibilityGlobals) = postSolution
		SolutionGuid = {A6C8C752-D5A1-4D58-A825-C3B0450FFC16}
	EndGlobalSection
EndGlobal
